
Microsoft Visual Studio Solution File, Format Version 12.00
# Visual Studio Version 16
VisualStudioVersion = 16.0.35130.168
MinimumVisualStudioVersion = 10.0.40219.1
Project("{FAE04EC0-301F-11D3-BF4B-00C04F79EFBC}") = "FrontEnd.Companias", "FrontEnd.Companias\FrontEnd.Companias.csproj", "{0098D18C-2DF0-46F0-8160-DB5DAF81A69C}"
EndProject
Global
	GlobalSection(SolutionConfigurationPlatforms) = preSolution
		Debug|Any CPU = Debug|Any CPU
		Release|Any CPU = Release|Any CPU
	EndGlobalSection
	GlobalSection(ProjectConfigurationPlatforms) = postSolution
		{0098D18C-2DF0-46F0-8160-DB5DAF81A69C}.Debug|Any CPU.ActiveCfg = Debug|Any CPU
		{0098D18C-2DF0-46F0-8160-DB5DAF81A69C}.Debug|Any CPU.Build.0 = Debug|Any CPU
		{0098D18C-2DF0-46F0-8160-DB5DAF81A69C}.Release|Any CPU.ActiveCfg = Release|Any CPU
		{0098D18C-2DF0-46F0-8160-DB5DAF81A69C}.Release|Any CPU.Build.0 = Release|Any CPU
	EndGlobalSection
	GlobalSection(SolutionProperties) = preSolution
		HideSolutionNode = FALSE
	EndGlobalSection
	GlobalSection(ExtensibilityGlobals) = postSolution
		SolutionGuid = {983AB86B-A15A-4CC2-9FC0-7E33A475779E}
	EndGlobalSection
EndGlobal
